
Microsoft Visual Studio Solution File, Format Version 12.00
# Visual Studio Version 17
VisualStudioVersion = 17.0.32014.148
MinimumVisualStudioVersion = 10.0.40219.1
Project("{FAE04EC0-301F-11D3-BF4B-00C04F79EFBC}") = "GlazkiSave", "GlazkiSave\GlazkiSave.csproj", "{7EA69B8E-1A08-4138-A077-6266C744E93B}"
EndProject
Global
	GlobalSection(SolutionConfigurationPlatforms) = preSolution
		Debug|Any CPU = Debug|Any CPU
		Release|Any CPU = Release|Any CPU
	EndGlobalSection
	GlobalSection(ProjectConfigurationPlatforms) = postSolution
		{7EA69B8E-1A08-4138-A077-6266C744E93B}.Debug|Any CPU.ActiveCfg = Debug|Any CPU
		{7EA69B8E-1A08-4138-A077-6266C744E93B}.Debug|Any CPU.Build.0 = Debug|Any CPU
		{7EA69B8E-1A08-4138-A077-6266C744E93B}.Release|Any CPU.ActiveCfg = Release|Any CPU
		{7EA69B8E-1A08-4138-A077-6266C744E93B}.Release|Any CPU.Build.0 = Release|Any CPU
	EndGlobalSection
	GlobalSection(SolutionProperties) = preSolution
		HideSolutionNode = FALSE
	EndGlobalSection
	GlobalSection(ExtensibilityGlobals) = postSolution
		SolutionGuid = {A765AB5F-A31E-4D4F-9DD1-23C47F2DECA0}
	EndGlobalSection
EndGlobal
